
Microsoft Visual Studio Solution File, Format Version 12.00
# Visual Studio 15
Project("{FAE04EC0-301F-11D3-BF4B-00C04F79EFBC}") = "Assembly-CSharp", "Assembly-CSharp.csproj", "{1746AA35-8F6B-1108-7E2A-7B1EBADFFC37}"
EndProject
Project("{FAE04EC0-301F-11D3-BF4B-00C04F79EFBC}") = "Assembly-CSharp-firstpass", "Assembly-CSharp-firstpass.csproj", "{D201027E-2C6A-4052-D244-EFBEE778EAE3}"
EndProject
Project("{FAE04EC0-301F-11D3-BF4B-00C04F79EFBC}") = "Assembly-CSharp-Editor-firstpass", "Assembly-CSharp-Editor-firstpass.csproj", "{7DE15E5A-7FE0-995F-02D2-240C48918A88}"
EndProject
Project("{FAE04EC0-301F-11D3-BF4B-00C04F79EFBC}") = "Assembly-CSharp-Editor", "Assembly-CSharp-Editor.csproj", "{AA328FCE-FFE8-841C-DEAA-DDC0D843B91B}"
EndProject
Global
	GlobalSection(SolutionConfigurationPlatforms) = preSolution
		Debug|Any CPU = Debug|Any CPU
		Release|Any CPU = Release|Any CPU
	EndGlobalSection
	GlobalSection(ProjectConfigurationPlatforms) = postSolution
		{1746AA35-8F6B-1108-7E2A-7B1EBADFFC37}.Debug|Any CPU.ActiveCfg = Debug|Any CPU
		{1746AA35-8F6B-1108-7E2A-7B1EBADFFC37}.Debug|Any CPU.Build.0 = Debug|Any CPU
		{1746AA35-8F6B-1108-7E2A-7B1EBADFFC37}.Release|Any CPU.ActiveCfg = Release|Any CPU
		{1746AA35-8F6B-1108-7E2A-7B1EBADFFC37}.Release|Any CPU.Build.0 = Release|Any CPU
		{D201027E-2C6A-4052-D244-EFBEE778EAE3}.Debug|Any CPU.ActiveCfg = Debug|Any CPU
		{D201027E-2C6A-4052-D244-EFBEE778EAE3}.Debug|Any CPU.Build.0 = Debug|Any CPU
		{D201027E-2C6A-4052-D244-EFBEE778EAE3}.Release|Any CPU.ActiveCfg = Release|Any CPU
		{D201027E-2C6A-4052-D244-EFBEE778EAE3}.Release|Any CPU.Build.0 = Release|Any CPU
		{7DE15E5A-7FE0-995F-02D2-240C48918A88}.Debug|Any CPU.ActiveCfg = Debug|Any CPU
		{7DE15E5A-7FE0-995F-02D2-240C48918A88}.Debug|Any CPU.Build.0 = Debug|Any CPU
		{7DE15E5A-7FE0-995F-02D2-240C48918A88}.Release|Any CPU.ActiveCfg = Release|Any CPU
		{7DE15E5A-7FE0-995F-02D2-240C48918A88}.Release|Any CPU.Build.0 = Release|Any CPU
		{AA328FCE-FFE8-841C-DEAA-DDC0D843B91B}.Debug|Any CPU.ActiveCfg = Debug|Any CPU
		{AA328FCE-FFE8-841C-DEAA-DDC0D843B91B}.Debug|Any CPU.Build.0 = Debug|Any CPU
		{AA328FCE-FFE8-841C-DEAA-DDC0D843B91B}.Release|Any CPU.ActiveCfg = Release|Any CPU
		{AA328FCE-FFE8-841C-DEAA-DDC0D843B91B}.Release|Any CPU.Build.0 = Release|Any CPU
	EndGlobalSection
	GlobalSection(SolutionProperties) = preSolution
		HideSolutionNode = FALSE
	EndGlobalSection
EndGlobal
